version = 1
revision = 3
requires-python = ">=3.11"

[[package]]
name = "cleanup-services"
version = "0.1.0"
source = { virtual = "." }
dependencies = [
    { name = "google-cloud" },
]

[package.metadata]
requires-dist = [{ name = "google-cloud", specifier = ">=0.34.0" }]

[[package]]
name = "google-cloud"
version = "0.34.0"
source = { registry = "https://pypi.org/simple" }
sdist = { url = "https://files.pythonhosted.org/packages/47/0e/8bf108fa9e3e036fe37a86598f1315e7b8de90b89012fd65704dc30ac6ad/google-cloud-0.34.0.tar.gz", hash = "sha256:01430187cf56df10a9ba775dd547393185d4b40741db0ea5889301f8e7a9d5d3", size = 2514, upload-time = "2018-07-30T19:08:17.761Z" }
wheels = [
    { url = "https://files.pythonhosted.org/packages/ba/b1/7c54d1950e7808df06642274e677dbcedba57f75307adf2e5ad8d39e5e0e/google_cloud-0.34.0-py2.py3-none-any.whl", hash = "sha256:fb1ab7b0548fe44b3d538041f0a374505b7f990d448a935ea36649c5ccab5acf", size = 1839, upload-time = "2018-07-30T19:08:16.739Z" },
]
